// !$*UTF8*$!
{
	archiveVersion = 1;
	classes = {
	};
	objectVersion = 56;
	objects = {

/* Begin PBXBuildFile section */
		46212FA62B07A32900FC2600 /* AddCredentialSheet.swift in Sources */ = {isa = PBXBuildFile; fileRef = 46212FA52B07A32900FC2600 /* AddCredentialSheet.swift */; };
		46212FA82B07B11100FC2600 /* UpdateCredentialSheet.swift in Sources */ = {isa = PBXBuildFile; fileRef = 46212FA72B07B11100FC2600 /* UpdateCredentialSheet.swift */; };
		4640B0462B0A311B00ED2705 /* ToastView.swift in Sources */ = {isa = PBXBuildFile; fileRef = 4640B0452B0A311B00ED2705 /* ToastView.swift */; };
		4640B0482B0C0CFF00ED2705 /* PasswordrSplashView.swift in Sources */ = {isa = PBXBuildFile; fileRef = 4640B0472B0C0CFF00ED2705 /* PasswordrSplashView.swift */; };
		46B3C1B92B097AFD00CB98DC /* UsernameCell.swift in Sources */ = {isa = PBXBuildFile; fileRef = 46B3C1B82B097AFD00CB98DC /* UsernameCell.swift */; };
		46B3C1BB2B097C0900CB98DC /* PasswordCell.swift in Sources */ = {isa = PBXBuildFile; fileRef = 46B3C1BA2B097C0900CB98DC /* PasswordCell.swift */; };
		46B725C22B12A2BA00A9CBEF /* AddCredentialViewModel.swift in Sources */ = {isa = PBXBuildFile; fileRef = 46B725C12B12A2BA00A9CBEF /* AddCredentialViewModel.swift */; };
		46B725C42B12A33700A9CBEF /* CredentialsView.swift in Sources */ = {isa = PBXBuildFile; fileRef = 46B725C32B12A33700A9CBEF /* CredentialsView.swift */; };
		46B725C72B12A9D900A9CBEF /* String+Ext.swift in Sources */ = {isa = PBXBuildFile; fileRef = 46B725C62B12A9D900A9CBEF /* String+Ext.swift */; };
		46B725C92B12AC4B00A9CBEF /* UpdateCredentialViewModel.swift in Sources */ = {isa = PBXBuildFile; fileRef = 46B725C82B12AC4B00A9CBEF /* UpdateCredentialViewModel.swift */; };
		46B725CB2B12B90900A9CBEF /* Credential.swift in Sources */ = {isa = PBXBuildFile; fileRef = 46B725CA2B12B90900A9CBEF /* Credential.swift */; };
		46BA23762B03D6BC001FA81E /* PasswordrApp.swift in Sources */ = {isa = PBXBuildFile; fileRef = 46BA23752B03D6BC001FA81E /* PasswordrApp.swift */; };
		46BA237A2B03D6BC001FA81E /* Assets.xcassets in Resources */ = {isa = PBXBuildFile; fileRef = 46BA23792B03D6BC001FA81E /* Assets.xcassets */; };
		46BA237D2B03D6BC001FA81E /* Preview Assets.xcassets in Resources */ = {isa = PBXBuildFile; fileRef = 46BA237C2B03D6BC001FA81E /* Preview Assets.xcassets */; };
		46BA23852B04EBF8001FA81E /* FaceIDButton.swift in Sources */ = {isa = PBXBuildFile; fileRef = 46BA23842B04EBF8001FA81E /* FaceIDButton.swift */; };
		46BA23882B04ECE4001FA81E /* HomeView.swift in Sources */ = {isa = PBXBuildFile; fileRef = 46BA23872B04ECE4001FA81E /* HomeView.swift */; };
		46BA238A2B04ED82001FA81E /* HomeViewViewModel.swift in Sources */ = {isa = PBXBuildFile; fileRef = 46BA23892B04ED82001FA81E /* HomeViewViewModel.swift */; };
		46BA238C2B04EE2A001FA81E /* FaceIDTitle.swift in Sources */ = {isa = PBXBuildFile; fileRef = 46BA238B2B04EE2A001FA81E /* FaceIDTitle.swift */; };
		46EAB8C72B1158BC001357EA /* K.swift in Sources */ = {isa = PBXBuildFile; fileRef = 46EAB8C62B1158BC001357EA /* K.swift */; };
/* End PBXBuildFile section */

/* Begin PBXFileReference section */
		46212FA52B07A32900FC2600 /* AddCredentialSheet.swift */ = {isa = PBXFileReference; lastKnownFileType = sourcecode.swift; path = AddCredentialSheet.swift; sourceTree = "<group>"; };
		46212FA72B07B11100FC2600 /* UpdateCredentialSheet.swift */ = {isa = PBXFileReference; lastKnownFileType = sourcecode.swift; path = UpdateCredentialSheet.swift; sourceTree = "<group>"; };
		4640B0452B0A311B00ED2705 /* ToastView.swift */ = {isa = PBXFileReference; lastKnownFileType = sourcecode.swift; path = ToastView.swift; sourceTree = "<group>"; };
		4640B0472B0C0CFF00ED2705 /* PasswordrSplashView.swift */ = {isa = PBXFileReference; lastKnownFileType = sourcecode.swift; path = PasswordrSplashView.swift; sourceTree = "<group>"; };
		468FB9692B065C6D00D215C8 /* Info.plist */ = {isa = PBXFileReference; lastKnownFileType = text.plist; path = Info.plist; sourceTree = "<group>"; };
		46B3C1B82B097AFD00CB98DC /* UsernameCell.swift */ = {isa = PBXFileReference; lastKnownFileType = sourcecode.swift; path = UsernameCell.swift; sourceTree = "<group>"; };
		46B3C1BA2B097C0900CB98DC /* PasswordCell.swift */ = {isa = PBXFileReference; lastKnownFileType = sourcecode.swift; path = PasswordCell.swift; sourceTree = "<group>"; };
		46B725C12B12A2BA00A9CBEF /* AddCredentialViewModel.swift */ = {isa = PBXFileReference; lastKnownFileType = sourcecode.swift; path = AddCredentialViewModel.swift; sourceTree = "<group>"; };
		46B725C32B12A33700A9CBEF /* CredentialsView.swift */ = {isa = PBXFileReference; lastKnownFileType = sourcecode.swift; path = CredentialsView.swift; sourceTree = "<group>"; };
		46B725C62B12A9D900A9CBEF /* String+Ext.swift */ = {isa = PBXFileReference; lastKnownFileType = sourcecode.swift; path = "String+Ext.swift"; sourceTree = "<group>"; };
		46B725C82B12AC4B00A9CBEF /* UpdateCredentialViewModel.swift */ = {isa = PBXFileReference; lastKnownFileType = sourcecode.swift; path = UpdateCredentialViewModel.swift; sourceTree = "<group>"; };
		46B725CA2B12B90900A9CBEF /* Credential.swift */ = {isa = PBXFileReference; lastKnownFileType = sourcecode.swift; path = Credential.swift; sourceTree = "<group>"; };
		46BA23722B03D6BC001FA81E /* Passwordr.app */ = {isa = PBXFileReference; explicitFileType = wrapper.application; includeInIndex = 0; path = Passwordr.app; sourceTree = BUILT_PRODUCTS_DIR; };
		46BA23752B03D6BC001FA81E /* PasswordrApp.swift */ = {isa = PBXFileReference; lastKnownFileType = sourcecode.swift; path = PasswordrApp.swift; sourceTree = "<group>"; };
		46BA23792B03D6BC001FA81E /* Assets.xcassets */ = {isa = PBXFileReference; lastKnownFileType = folder.assetcatalog; path = Assets.xcassets; sourceTree = "<group>"; };
		46BA237C2B03D6BC001FA81E /* Preview Assets.xcassets */ = {isa = PBXFileReference; lastKnownFileType = folder.assetcatalog; path = "Preview Assets.xcassets"; sourceTree = "<group>"; };
		46BA23842B04EBF8001FA81E /* FaceIDButton.swift */ = {isa = PBXFileReference; lastKnownFileType = sourcecode.swift; path = FaceIDButton.swift; sourceTree = "<group>"; };
		46BA23872B04ECE4001FA81E /* HomeView.swift */ = {isa = PBXFileReference; lastKnownFileType = sourcecode.swift; path = HomeView.swift; sourceTree = "<group>"; };
		46BA23892B04ED82001FA81E /* HomeViewViewModel.swift */ = {isa = PBXFileReference; lastKnownFileType = sourcecode.swift; path = HomeViewViewModel.swift; sourceTree = "<group>"; };
		46BA238B2B04EE2A001FA81E /* FaceIDTitle.swift */ = {isa = PBXFileReference; lastKnownFileType = sourcecode.swift; path = FaceIDTitle.swift; sourceTree = "<group>"; };
		46EAB8C62B1158BC001357EA /* K.swift */ = {isa = PBXFileReference; lastKnownFileType = sourcecode.swift; path = K.swift; sourceTree = "<group>"; };
/* End PBXFileReference section */

/* Begin PBXFrameworksBuildPhase section */
		46BA236F2B03D6BC001FA81E /* Frameworks */ = {
			isa = PBXFrameworksBuildPhase;
			buildActionMask = 2147483647;
			files = (
			);
			runOnlyForDeploymentPostprocessing = 0;
		};
/* End PBXFrameworksBuildPhase section */

/* Begin PBXGroup section */
		46130C142B057FD600212BDB /* Home */ = {
			isa = PBXGroup;
			children = (
				46BA23842B04EBF8001FA81E /* FaceIDButton.swift */,
				46BA238B2B04EE2A001FA81E /* FaceIDTitle.swift */,
				46B3C1B82B097AFD00CB98DC /* UsernameCell.swift */,
				46B3C1BA2B097C0900CB98DC /* PasswordCell.swift */,
				4640B0452B0A311B00ED2705 /* ToastView.swift */,
			);
			path = Home;
			sourceTree = "<group>";
		};
		46212FA12B0795F900FC2600 /* ViewModels */ = {
			isa = PBXGroup;
			children = (
				46BA23892B04ED82001FA81E /* HomeViewViewModel.swift */,
				46B725C12B12A2BA00A9CBEF /* AddCredentialViewModel.swift */,
				46B725C82B12AC4B00A9CBEF /* UpdateCredentialViewModel.swift */,
			);
			path = ViewModels;
			sourceTree = "<group>";
		};
		46212FA22B07962300FC2600 /* Models */ = {
			isa = PBXGroup;
			children = (
				46B725CA2B12B90900A9CBEF /* Credential.swift */,
			);
			path = Models;
			sourceTree = "<group>";
		};
		46B725C52B12A9C900A9CBEF /* Extensions */ = {
			isa = PBXGroup;
			children = (
				46B725C62B12A9D900A9CBEF /* String+Ext.swift */,
			);
			path = Extensions;
			sourceTree = "<group>";
		};
		46BA23692B03D6BC001FA81E = {
			isa = PBXGroup;
			children = (
				46BA23742B03D6BC001FA81E /* Passwordr */,
				46BA23732B03D6BC001FA81E /* Products */,
			);
			sourceTree = "<group>";
		};
		46BA23732B03D6BC001FA81E /* Products */ = {
			isa = PBXGroup;
			children = (
				46BA23722B03D6BC001FA81E /* Passwordr.app */,
			);
			name = Products;
			sourceTree = "<group>";
		};
		46BA23742B03D6BC001FA81E /* Passwordr */ = {
			isa = PBXGroup;
			children = (
				46B725C52B12A9C900A9CBEF /* Extensions */,
				46EAB8C32B115890001357EA /* Utils */,
				468FB9692B065C6D00D215C8 /* Info.plist */,
				46BA23752B03D6BC001FA81E /* PasswordrApp.swift */,
				4640B0472B0C0CFF00ED2705 /* PasswordrSplashView.swift */,
				46BA23862B04EC5A001FA81E /* Views */,
				46212FA12B0795F900FC2600 /* ViewModels */,
				46212FA22B07962300FC2600 /* Models */,
				46BA23792B03D6BC001FA81E /* Assets.xcassets */,
				46BA237B2B03D6BC001FA81E /* Preview Content */,
			);
			path = Passwordr;
			sourceTree = "<group>";
		};
		46BA237B2B03D6BC001FA81E /* Preview Content */ = {
			isa = PBXGroup;
			children = (
				46BA237C2B03D6BC001FA81E /* Preview Assets.xcassets */,
			);
			path = "Preview Content";
			sourceTree = "<group>";
		};
		46BA23832B04EBCD001FA81E /* UIComponents */ = {
			isa = PBXGroup;
			children = (
				46130C142B057FD600212BDB /* Home */,
			);
			path = UIComponents;
			sourceTree = "<group>";
		};
		46BA23862B04EC5A001FA81E /* Views */ = {
			isa = PBXGroup;
			children = (
				46BA23872B04ECE4001FA81E /* HomeView.swift */,
				46212FA52B07A32900FC2600 /* AddCredentialSheet.swift */,
				46212FA72B07B11100FC2600 /* UpdateCredentialSheet.swift */,
				46BA23832B04EBCD001FA81E /* UIComponents */,
				46B725C32B12A33700A9CBEF /* CredentialsView.swift */,
			);
			path = Views;
			sourceTree = "<group>";
		};
		46EAB8C32B115890001357EA /* Utils */ = {
			isa = PBXGroup;
			children = (
				46EAB8C62B1158BC001357EA /* K.swift */,
			);
			path = Utils;
			sourceTree = "<group>";
		};
/* End PBXGroup section */

/* Begin PBXNativeTarget section */
		46BA23712B03D6BC001FA81E /* Passwordr */ = {
			isa = PBXNativeTarget;
			buildConfigurationList = 46BA23802B03D6BC001FA81E /* Build configuration list for PBXNativeTarget "Passwordr" */;
			buildPhases = (
				46BA236E2B03D6BC001FA81E /* Sources */,
				46BA236F2B03D6BC001FA81E /* Frameworks */,
				46BA23702B03D6BC001FA81E /* Resources */,
			);
			buildRules = (
			);
			dependencies = (
			);
			name = Passwordr;
			productName = Passwordr;
			productReference = 46BA23722B03D6BC001FA81E /* Passwordr.app */;
			productType = "com.apple.product-type.application";
		};
/* End PBXNativeTarget section */

/* Begin PBXProject section */
		46BA236A2B03D6BC001FA81E /* Project object */ = {
			isa = PBXProject;
			attributes = {
				BuildIndependentTargetsInParallel = 1;
				LastSwiftUpdateCheck = 1430;
				LastUpgradeCheck = 1500;
				TargetAttributes = {
					46BA23712B03D6BC001FA81E = {
						CreatedOnToolsVersion = 14.3.1;
					};
				};
			};
			buildConfigurationList = 46BA236D2B03D6BC001FA81E /* Build configuration list for PBXProject "Passwordr" */;
			compatibilityVersion = "Xcode 14.0";
			developmentRegion = en;
			hasScannedForEncodings = 0;
			knownRegions = (
				en,
				Base,
			);
			mainGroup = 46BA23692B03D6BC001FA81E;
			productRefGroup = 46BA23732B03D6BC001FA81E /* Products */;
			projectDirPath = "";
			projectRoot = "";
			targets = (
				46BA23712B03D6BC001FA81E /* Passwordr */,
			);
		};
/* End PBXProject section */

/* Begin PBXResourcesBuildPhase section */
		46BA23702B03D6BC001FA81E /* Resources */ = {
			isa = PBXResourcesBuildPhase;
			buildActionMask = 2147483647;
			files = (
				46BA237D2B03D6BC001FA81E /* Preview Assets.xcassets in Resources */,
				46BA237A2B03D6BC001FA81E /* Assets.xcassets in Resources */,
			);
			runOnlyForDeploymentPostprocessing = 0;
		};
/* End PBXResourcesBuildPhase section */

/* Begin PBXSourcesBuildPhase section */
		46BA236E2B03D6BC001FA81E /* Sources */ = {
			isa = PBXSourcesBuildPhase;
			buildActionMask = 2147483647;
			files = (
				46B3C1BB2B097C0900CB98DC /* PasswordCell.swift in Sources */,
				46B725CB2B12B90900A9CBEF /* Credential.swift in Sources */,
				46212FA62B07A32900FC2600 /* AddCredentialSheet.swift in Sources */,
				46BA23882B04ECE4001FA81E /* HomeView.swift in Sources */,
				46BA23852B04EBF8001FA81E /* FaceIDButton.swift in Sources */,
				46B725C92B12AC4B00A9CBEF /* UpdateCredentialViewModel.swift in Sources */,
				46B725C22B12A2BA00A9CBEF /* AddCredentialViewModel.swift in Sources */,
				46EAB8C72B1158BC001357EA /* K.swift in Sources */,
				46B3C1B92B097AFD00CB98DC /* UsernameCell.swift in Sources */,
				4640B0462B0A311B00ED2705 /* ToastView.swift in Sources */,
				4640B0482B0C0CFF00ED2705 /* PasswordrSplashView.swift in Sources */,
				46BA238A2B04ED82001FA81E /* HomeViewViewModel.swift in Sources */,
				46B725C42B12A33700A9CBEF /* CredentialsView.swift in Sources */,
				46BA238C2B04EE2A001FA81E /* FaceIDTitle.swift in Sources */,
				46BA23762B03D6BC001FA81E /* PasswordrApp.swift in Sources */,
				46B725C72B12A9D900A9CBEF /* String+Ext.swift in Sources */,
				46212FA82B07B11100FC2600 /* UpdateCredentialSheet.swift in Sources */,
			);
			runOnlyForDeploymentPostprocessing = 0;
		};
/* End PBXSourcesBuildPhase section */

/* Begin XCBuildConfiguration section */
		46BA237E2B03D6BC001FA81E /* Debug */ = {
			isa = XCBuildConfiguration;
			buildSettings = {
				ALWAYS_SEARCH_USER_PATHS = NO;
				ASSETCATALOG_COMPILER_GENERATE_SWIFT_ASSET_SYMBOL_EXTENSIONS = YES;
				CLANG_ANALYZER_NONNULL = YES;
				CLANG_ANALYZER_NUMBER_OBJECT_CONVERSION = YES_AGGRESSIVE;
				CLANG_CXX_LANGUAGE_STANDARD = "gnu++20";
				CLANG_ENABLE_MODULES = YES;
				CLANG_ENABLE_OBJC_ARC = YES;
				CLANG_ENABLE_OBJC_WEAK = YES;
				CLANG_WARN_BLOCK_CAPTURE_AUTORELEASING = YES;
				CLANG_WARN_BOOL_CONVERSION = YES;
				CLANG_WARN_COMMA = YES;
				CLANG_WARN_CONSTANT_CONVERSION = YES;
				CLANG_WARN_DEPRECATED_OBJC_IMPLEMENTATIONS = YES;
				CLANG_WARN_DIRECT_OBJC_ISA_USAGE = YES_ERROR;
				CLANG_WARN_DOCUMENTATION_COMMENTS = YES;
				CLANG_WARN_EMPTY_BODY = YES;
				CLANG_WARN_ENUM_CONVERSION = YES;
				CLANG_WARN_INFINITE_RECURSION = YES;
				CLANG_WARN_INT_CONVERSION = YES;
				CLANG_WARN_NON_LITERAL_NULL_CONVERSION = YES;
				CLANG_WARN_OBJC_IMPLICIT_RETAIN_SELF = YES;
				CLANG_WARN_OBJC_LITERAL_CONVERSION = YES;
				CLANG_WARN_OBJC_ROOT_CLASS = YES_ERROR;
				CLANG_WARN_QUOTED_INCLUDE_IN_FRAMEWORK_HEADER = YES;
				CLANG_WARN_RANGE_LOOP_ANALYSIS = YES;
				CLANG_WARN_STRICT_PROTOTYPES = YES;
				CLANG_WARN_SUSPICIOUS_MOVE = YES;
				CLANG_WARN_UNGUARDED_AVAILABILITY = YES_AGGRESSIVE;
				CLANG_WARN_UNREACHABLE_CODE = YES;
				CLANG_WARN__DUPLICATE_METHOD_MATCH = YES;
				COPY_PHASE_STRIP = NO;
				DEBUG_INFORMATION_FORMAT = dwarf;
				ENABLE_STRICT_OBJC_MSGSEND = YES;
				ENABLE_TESTABILITY = YES;
				ENABLE_USER_SCRIPT_SANDBOXING = YES;
				GCC_C_LANGUAGE_STANDARD = gnu11;
				GCC_DYNAMIC_NO_PIC = NO;
				GCC_NO_COMMON_BLOCKS = YES;
				GCC_OPTIMIZATION_LEVEL = 0;
				GCC_PREPROCESSOR_DEFINITIONS = (
					"DEBUG=1",
					"$(inherited)",
				);
				GCC_WARN_64_TO_32_BIT_CONVERSION = YES;
				GCC_WARN_ABOUT_RETURN_TYPE = YES_ERROR;
				GCC_WARN_UNDECLARED_SELECTOR = YES;
				GCC_WARN_UNINITIALIZED_AUTOS = YES_AGGRESSIVE;
				GCC_WARN_UNUSED_FUNCTION = YES;
				GCC_WARN_UNUSED_VARIABLE = YES;
				IPHONEOS_DEPLOYMENT_TARGET = 16.4;
				MTL_ENABLE_DEBUG_INFO = INCLUDE_SOURCE;
				MTL_FAST_MATH = YES;
				ONLY_ACTIVE_ARCH = YES;
				SDKROOT = iphoneos;
				SWIFT_ACTIVE_COMPILATION_CONDITIONS = DEBUG;
				SWIFT_OPTIMIZATION_LEVEL = "-Onone";
			};
			name = Debug;
		};
		46BA237F2B03D6BC001FA81E /* Release */ = {
			isa = XCBuildConfiguration;
			buildSettings = {
				ALWAYS_SEARCH_USER_PATHS = NO;
				ASSETCATALOG_COMPILER_GENERATE_SWIFT_ASSET_SYMBOL_EXTENSIONS = YES;
				CLANG_ANALYZER_NONNULL = YES;
				CLANG_ANALYZER_NUMBER_OBJECT_CONVERSION = YES_AGGRESSIVE;
				CLANG_CXX_LANGUAGE_STANDARD = "gnu++20";
				CLANG_ENABLE_MODULES = YES;
				CLANG_ENABLE_OBJC_ARC = YES;
				CLANG_ENABLE_OBJC_WEAK = YES;
				CLANG_WARN_BLOCK_CAPTURE_AUTORELEASING = YES;
				CLANG_WARN_BOOL_CONVERSION = YES;
				CLANG_WARN_COMMA = YES;
				CLANG_WARN_CONSTANT_CONVERSION = YES;
				CLANG_WARN_DEPRECATED_OBJC_IMPLEMENTATIONS = YES;
				CLANG_WARN_DIRECT_OBJC_ISA_USAGE = YES_ERROR;
				CLANG_WARN_DOCUMENTATION_COMMENTS = YES;
				CLANG_WARN_EMPTY_BODY = YES;
				CLANG_WARN_ENUM_CONVERSION = YES;
				CLANG_WARN_INFINITE_RECURSION = YES;
				CLANG_WARN_INT_CONVERSION = YES;
				CLANG_WARN_NON_LITERAL_NULL_CONVERSION = YES;
				CLANG_WARN_OBJC_IMPLICIT_RETAIN_SELF = YES;
				CLANG_WARN_OBJC_LITERAL_CONVERSION = YES;
				CLANG_WARN_OBJC_ROOT_CLASS = YES_ERROR;
				CLANG_WARN_QUOTED_INCLUDE_IN_FRAMEWORK_HEADER = YES;
				CLANG_WARN_RANGE_LOOP_ANALYSIS = YES;
				CLANG_WARN_STRICT_PROTOTYPES = YES;
				CLANG_WARN_SUSPICIOUS_MOVE = YES;
				CLANG_WARN_UNGUARDED_AVAILABILITY = YES_AGGRESSIVE;
				CLANG_WARN_UNREACHABLE_CODE = YES;
				CLANG_WARN__DUPLICATE_METHOD_MATCH = YES;
				COPY_PHASE_STRIP = NO;
				DEBUG_INFORMATION_FORMAT = "dwarf-with-dsym";
				ENABLE_NS_ASSERTIONS = NO;
				ENABLE_STRICT_OBJC_MSGSEND = YES;
				ENABLE_USER_SCRIPT_SANDBOXING = YES;
				GCC_C_LANGUAGE_STANDARD = gnu11;
				GCC_NO_COMMON_BLOCKS = YES;
				GCC_WARN_64_TO_32_BIT_CONVERSION = YES;
				GCC_WARN_ABOUT_RETURN_TYPE = YES_ERROR;
				GCC_WARN_UNDECLARED_SELECTOR = YES;
				GCC_WARN_UNINITIALIZED_AUTOS = YES_AGGRESSIVE;
				GCC_WARN_UNUSED_FUNCTION = YES;
				GCC_WARN_UNUSED_VARIABLE = YES;
				IPHONEOS_DEPLOYMENT_TARGET = 16.4;
				MTL_ENABLE_DEBUG_INFO = NO;
				MTL_FAST_MATH = YES;
				SDKROOT = iphoneos;
				SWIFT_COMPILATION_MODE = wholemodule;
				SWIFT_OPTIMIZATION_LEVEL = "-O";
				VALIDATE_PRODUCT = YES;
			};
			name = Release;
		};
		46BA23812B03D6BC001FA81E /* Debug */ = {
			isa = XCBuildConfiguration;
			buildSettings = {
				ASSETCATALOG_COMPILER_APPICON_NAME = AppIcon;
				ASSETCATALOG_COMPILER_GLOBAL_ACCENT_COLOR_NAME = AccentColor;
				CODE_SIGN_STYLE = Automatic;
				CURRENT_PROJECT_VERSION = 1;
				DEVELOPMENT_ASSET_PATHS = "\"Passwordr/Preview Content\"";
				DEVELOPMENT_TEAM = 3XA87D77BQ;
				ENABLE_PREVIEWS = YES;
				GENERATE_INFOPLIST_FILE = YES;
				INFOPLIST_FILE = Passwordr/Info.plist;
				INFOPLIST_KEY_NSFaceIDUsageDescription = "Allow FaceID to unlock the app";
				INFOPLIST_KEY_UIApplicationSceneManifest_Generation = YES;
				INFOPLIST_KEY_UIApplicationSupportsIndirectInputEvents = YES;
				INFOPLIST_KEY_UILaunchScreen_Generation = YES;
				INFOPLIST_KEY_UISupportedInterfaceOrientations_iPad = "UIInterfaceOrientationPortrait UIInterfaceOrientationPortraitUpsideDown UIInterfaceOrientationLandscapeLeft UIInterfaceOrientationLandscapeRight";
				INFOPLIST_KEY_UISupportedInterfaceOrientations_iPhone = "UIInterfaceOrientationPortrait UIInterfaceOrientationLandscapeLeft UIInterfaceOrientationLandscapeRight";
				IPHONEOS_DEPLOYMENT_TARGET = 17.0;
				LD_RUNPATH_SEARCH_PATHS = (
					"$(inherited)",
					"@executable_path/Frameworks",
				);
				MARKETING_VERSION = 1.0;
				PRODUCT_BUNDLE_IDENTIFIER = com.rafaelplinio.Passwordr;
				PRODUCT_NAME = "$(TARGET_NAME)";
				SWIFT_EMIT_LOC_STRINGS = YES;
				SWIFT_VERSION = 5.0;
				TARGETED_DEVICE_FAMILY = "1,2";
			};
			name = Debug;
		};
		46BA23822B03D6BC001FA81E /* Release */ = {
			isa = XCBuildConfiguration;
			buildSettings = {
				ASSETCATALOG_COMPILER_APPICON_NAME = AppIcon;
				ASSETCATALOG_COMPILER_GLOBAL_ACCENT_COLOR_NAME = AccentColor;
				CODE_SIGN_STYLE = Automatic;
				CURRENT_PROJECT_VERSION = 1;
				DEVELOPMENT_ASSET_PATHS = "\"Passwordr/Preview Content\"";
				DEVELOPMENT_TEAM = 3XA87D77BQ;
				ENABLE_PREVIEWS = YES;
				GENERATE_INFOPLIST_FILE = YES;
				INFOPLIST_FILE = Passwordr/Info.plist;
				INFOPLIST_KEY_NSFaceIDUsageDescription = "Allow FaceID to unlock the app";
				INFOPLIST_KEY_UIApplicationSceneManifest_Generation = YES;
				INFOPLIST_KEY_UIApplicationSupportsIndirectInputEvents = YES;
				INFOPLIST_KEY_UILaunchScreen_Generation = YES;
				INFOPLIST_KEY_UISupportedInterfaceOrientations_iPad = "UIInterfaceOrientationPortrait UIInterfaceOrientationPortraitUpsideDown UIInterfaceOrientationLandscapeLeft UIInterfaceOrientationLandscapeRight";
				INFOPLIST_KEY_UISupportedInterfaceOrientations_iPhone = "UIInterfaceOrientationPortrait UIInterfaceOrientationLandscapeLeft UIInterfaceOrientationLandscapeRight";
				IPHONEOS_DEPLOYMENT_TARGET = 17.0;
				LD_RUNPATH_SEARCH_PATHS = (
					"$(inherited)",
					"@executable_path/Frameworks",
				);
				MARKETING_VERSION = 1.0;
				PRODUCT_BUNDLE_IDENTIFIER = com.rafaelplinio.Passwordr;
				PRODUCT_NAME = "$(TARGET_NAME)";
				SWIFT_EMIT_LOC_STRINGS = YES;
				SWIFT_VERSION = 5.0;
				TARGETED_DEVICE_FAMILY = "1,2";
			};
			name = Release;
		};
/* End XCBuildConfiguration section */

/* Begin XCConfigurationList section */
		46BA236D2B03D6BC001FA81E /* Build configuration list for PBXProject "Passwordr" */ = {
			isa = XCConfigurationList;
			buildConfigurations = (
				46BA237E2B03D6BC001FA81E /* Debug */,
				46BA237F2B03D6BC001FA81E /* Release */,
			);
			defaultConfigurationIsVisible = 0;
			defaultConfigurationName = Release;
		};
		46BA23802B03D6BC001FA81E /* Build configuration list for PBXNativeTarget "Passwordr" */ = {
			isa = XCConfigurationList;
			buildConfigurations = (
				46BA23812B03D6BC001FA81E /* Debug */,
				46BA23822B03D6BC001FA81E /* Release */,
			);
			defaultConfigurationIsVisible = 0;
			defaultConfigurationName = Release;
		};
/* End XCConfigurationList section */
	};
	rootObject = 46BA236A2B03D6BC001FA81E /* Project object */;
}
